// !$*UTF8*$!
{
	archiveVersion = 1;
	classes = {
	};
	objectVersion = 56;
	objects = {

/* Begin PBXBuildFile section */
		991FEB972AEA2B5700BE4E2C /* AppDelegate.swift in Sources */ = {isa = PBXBuildFile; fileRef = 991FEB962AEA2B5700BE4E2C /* AppDelegate.swift */; };
		991FEB992AEA2B5700BE4E2C /* ViewController.swift in Sources */ = {isa = PBXBuildFile; fileRef = 991FEB982AEA2B5700BE4E2C /* ViewController.swift */; };
		991FEB9B2AEA2B5900BE4E2C /* Assets.xcassets in Resources */ = {isa = PBXBuildFile; fileRef = 991FEB9A2AEA2B5900BE4E2C /* Assets.xcassets */; };
		991FEB9E2AEA2B5900BE4E2C /* Main.storyboard in Resources */ = {isa = PBXBuildFile; fileRef = 991FEB9C2AEA2B5900BE4E2C /* Main.storyboard */; };
		991FEBAC2AEA2B8900BE4E2C /* main.swift in Sources */ = {isa = PBXBuildFile; fileRef = 991FEBAB2AEA2B8900BE4E2C /* main.swift */; };
/* End PBXBuildFile section */

/* Begin PBXCopyFilesBuildPhase section */
		991FEBA72AEA2B8900BE4E2C /* CopyFiles */ = {
			isa = PBXCopyFilesBuildPhase;
			buildActionMask = 2147483647;
			dstPath = /usr/share/man/man1/;
			dstSubfolderSpec = 0;
			files = (
			);
			runOnlyForDeploymentPostprocessing = 1;
		};
/* End PBXCopyFilesBuildPhase section */

/* Begin PBXFileReference section */
		991FEB932AEA2B5700BE4E2C /* HelperApplication.app */ = {isa = PBXFileReference; explicitFileType = wrapper.application; includeInIndex = 0; path = HelperApplication.app; sourceTree = BUILT_PRODUCTS_DIR; };
		991FEB962AEA2B5700BE4E2C /* AppDelegate.swift */ = {isa = PBXFileReference; lastKnownFileType = sourcecode.swift; path = AppDelegate.swift; sourceTree = "<group>"; };
		991FEB982AEA2B5700BE4E2C /* ViewController.swift */ = {isa = PBXFileReference; lastKnownFileType = sourcecode.swift; path = ViewController.swift; sourceTree = "<group>"; };
		991FEB9A2AEA2B5900BE4E2C /* Assets.xcassets */ = {isa = PBXFileReference; lastKnownFileType = folder.assetcatalog; path = Assets.xcassets; sourceTree = "<group>"; };
		991FEB9D2AEA2B5900BE4E2C /* Base */ = {isa = PBXFileReference; lastKnownFileType = file.storyboard; name = Base; path = Base.lproj/Main.storyboard; sourceTree = "<group>"; };
		991FEB9F2AEA2B5900BE4E2C /* HelperApplication.entitlements */ = {isa = PBXFileReference; lastKnownFileType = text.plist.entitlements; path = HelperApplication.entitlements; sourceTree = "<group>"; };
		991FEBA92AEA2B8900BE4E2C /* Helper */ = {isa = PBXFileReference; explicitFileType = "compiled.mach-o.executable"; includeInIndex = 0; path = Helper; sourceTree = BUILT_PRODUCTS_DIR; };
		991FEBAB2AEA2B8900BE4E2C /* main.swift */ = {isa = PBXFileReference; lastKnownFileType = sourcecode.swift; path = main.swift; sourceTree = "<group>"; };
/* End PBXFileReference section */

/* Begin PBXFrameworksBuildPhase section */
		991FEB902AEA2B5700BE4E2C /* Frameworks */ = {
			isa = PBXFrameworksBuildPhase;
			buildActionMask = 2147483647;
			files = (
			);
			runOnlyForDeploymentPostprocessing = 0;
		};
		991FEBA62AEA2B8900BE4E2C /* Frameworks */ = {
			isa = PBXFrameworksBuildPhase;
			buildActionMask = 2147483647;
			files = (
			);
			runOnlyForDeploymentPostprocessing = 0;
		};
/* End PBXFrameworksBuildPhase section */

/* Begin PBXGroup section */
		991FEB8A2AEA2B5700BE4E2C = {
			isa = PBXGroup;
			children = (
				991FEB952AEA2B5700BE4E2C /* HelperApplication */,
				991FEBAA2AEA2B8900BE4E2C /* Helper */,
				991FEB942AEA2B5700BE4E2C /* Products */,
			);
			sourceTree = "<group>";
		};
		991FEB942AEA2B5700BE4E2C /* Products */ = {
			isa = PBXGroup;
			children = (
				991FEB932AEA2B5700BE4E2C /* HelperApplication.app */,
				991FEBA92AEA2B8900BE4E2C /* Helper */,
			);
			name = Products;
			sourceTree = "<group>";
		};
		991FEB952AEA2B5700BE4E2C /* HelperApplication */ = {
			isa = PBXGroup;
			children = (
				991FEB962AEA2B5700BE4E2C /* AppDelegate.swift */,
				991FEB982AEA2B5700BE4E2C /* ViewController.swift */,
				991FEB9A2AEA2B5900BE4E2C /* Assets.xcassets */,
				991FEB9C2AEA2B5900BE4E2C /* Main.storyboard */,
				991FEB9F2AEA2B5900BE4E2C /* HelperApplication.entitlements */,
			);
			path = HelperApplication;
			sourceTree = "<group>";
		};
		991FEBAA2AEA2B8900BE4E2C /* Helper */ = {
			isa = PBXGroup;
			children = (
				991FEBAB2AEA2B8900BE4E2C /* main.swift */,
			);
			path = Helper;
			sourceTree = "<group>";
		};
/* End PBXGroup section */

/* Begin PBXNativeTarget section */
		991FEB922AEA2B5700BE4E2C /* HelperApplication */ = {
			isa = PBXNativeTarget;
			buildConfigurationList = 991FEBA22AEA2B5900BE4E2C /* Build configuration list for PBXNativeTarget "HelperApplication" */;
			buildPhases = (
				991FEB8F2AEA2B5700BE4E2C /* Sources */,
				991FEB902AEA2B5700BE4E2C /* Frameworks */,
				991FEB912AEA2B5700BE4E2C /* Resources */,
			);
			buildRules = (
			);
			dependencies = (
			);
			name = HelperApplication;
			productName = HelperApplication;
			productReference = 991FEB932AEA2B5700BE4E2C /* HelperApplication.app */;
			productType = "com.apple.product-type.application";
		};
		991FEBA82AEA2B8900BE4E2C /* Helper */ = {
			isa = PBXNativeTarget;
			buildConfigurationList = 991FEBAD2AEA2B8900BE4E2C /* Build configuration list for PBXNativeTarget "Helper" */;
			buildPhases = (
				991FEBA52AEA2B8900BE4E2C /* Sources */,
				991FEBA62AEA2B8900BE4E2C /* Frameworks */,
				991FEBA72AEA2B8900BE4E2C /* CopyFiles */,
			);
			buildRules = (
			);
			dependencies = (
			);
			name = Helper;
			productName = Helper;
			productReference = 991FEBA92AEA2B8900BE4E2C /* Helper */;
			productType = "com.apple.product-type.tool";
		};
/* End PBXNativeTarget section */

/* Begin PBXProject section */
		991FEB8B2AEA2B5700BE4E2C /* Project object */ = {
			isa = PBXProject;
			attributes = {
				BuildIndependentTargetsInParallel = 1;
				LastSwiftUpdateCheck = 1410;
				LastUpgradeCheck = 1410;
				TargetAttributes = {
					991FEB922AEA2B5700BE4E2C = {
						CreatedOnToolsVersion = 14.1;
					};
					991FEBA82AEA2B8900BE4E2C = {
						CreatedOnToolsVersion = 14.1;
					};
				};
			};
			buildConfigurationList = 991FEB8E2AEA2B5700BE4E2C /* Build configuration list for PBXProject "HelperApplication" */;
			compatibilityVersion = "Xcode 14.0";
			developmentRegion = en;
			hasScannedForEncodings = 0;
			knownRegions = (
				en,
				Base,
			);
			mainGroup = 991FEB8A2AEA2B5700BE4E2C;
			productRefGroup = 991FEB942AEA2B5700BE4E2C /* Products */;
			projectDirPath = "";
			projectRoot = "";
			targets = (
				991FEB922AEA2B5700BE4E2C /* HelperApplication */,
				991FEBA82AEA2B8900BE4E2C /* Helper */,
			);
		};
/* End PBXProject section */

/* Begin PBXResourcesBuildPhase section */
		991FEB912AEA2B5700BE4E2C /* Resources */ = {
			isa = PBXResourcesBuildPhase;
			buildActionMask = 2147483647;
			files = (
				991FEB9B2AEA2B5900BE4E2C /* Assets.xcassets in Resources */,
				991FEB9E2AEA2B5900BE4E2C /* Main.storyboard in Resources */,
			);
			runOnlyForDeploymentPostprocessing = 0;
		};
/* End PBXResourcesBuildPhase section */

/* Begin PBXSourcesBuildPhase section */
		991FEB8F2AEA2B5700BE4E2C /* Sources */ = {
			isa = PBXSourcesBuildPhase;
			buildActionMask = 2147483647;
			files = (
				991FEB992AEA2B5700BE4E2C /* ViewController.swift in Sources */,
				991FEB972AEA2B5700BE4E2C /* AppDelegate.swift in Sources */,
			);
			runOnlyForDeploymentPostprocessing = 0;
		};
		991FEBA52AEA2B8900BE4E2C /* Sources */ = {
			isa = PBXSourcesBuildPhase;
			buildActionMask = 2147483647;
			files = (
				991FEBAC2AEA2B8900BE4E2C /* main.swift in Sources */,
			);
			runOnlyForDeploymentPostprocessing = 0;
		};
/* End PBXSourcesBuildPhase section */

/* Begin PBXVariantGroup section */
		991FEB9C2AEA2B5900BE4E2C /* Main.storyboard */ = {
			isa = PBXVariantGroup;
			children = (
				991FEB9D2AEA2B5900BE4E2C /* Base */,
			);
			name = Main.storyboard;
			sourceTree = "<group>";
		};
/* End PBXVariantGroup section */

/* Begin XCBuildConfiguration section */
		991FEBA02AEA2B5900BE4E2C /* Debug */ = {
			isa = XCBuildConfiguration;
			buildSettings = {
				ALWAYS_SEARCH_USER_PATHS = NO;
				CLANG_ANALYZER_NONNULL = YES;
				CLANG_ANALYZER_NUMBER_OBJECT_CONVERSION = YES_AGGRESSIVE;
				CLANG_CXX_LANGUAGE_STANDARD = "gnu++20";
				CLANG_ENABLE_MODULES = YES;
				CLANG_ENABLE_OBJC_ARC = YES;
				CLANG_ENABLE_OBJC_WEAK = YES;
				CLANG_WARN_BLOCK_CAPTURE_AUTORELEASING = YES;
				CLANG_WARN_BOOL_CONVERSION = YES;
				CLANG_WARN_COMMA = YES;
				CLANG_WARN_CONSTANT_CONVERSION = YES;
				CLANG_WARN_DEPRECATED_OBJC_IMPLEMENTATIONS = YES;
				CLANG_WARN_DIRECT_OBJC_ISA_USAGE = YES_ERROR;
				CLANG_WARN_DOCUMENTATION_COMMENTS = YES;
				CLANG_WARN_EMPTY_BODY = YES;
				CLANG_WARN_ENUM_CONVERSION = YES;
				CLANG_WARN_INFINITE_RECURSION = YES;
				CLANG_WARN_INT_CONVERSION = YES;
				CLANG_WARN_NON_LITERAL_NULL_CONVERSION = YES;
				CLANG_WARN_OBJC_IMPLICIT_RETAIN_SELF = YES;
				CLANG_WARN_OBJC_LITERAL_CONVERSION = YES;
				CLANG_WARN_OBJC_ROOT_CLASS = YES_ERROR;
				CLANG_WARN_QUOTED_INCLUDE_IN_FRAMEWORK_HEADER = YES;
				CLANG_WARN_RANGE_LOOP_ANALYSIS = YES;
				CLANG_WARN_STRICT_PROTOTYPES = YES;
				CLANG_WARN_SUSPICIOUS_MOVE = YES;
				CLANG_WARN_UNGUARDED_AVAILABILITY = YES_AGGRESSIVE;
				CLANG_WARN_UNREACHABLE_CODE = YES;
				CLANG_WARN__DUPLICATE_METHOD_MATCH = YES;
				COPY_PHASE_STRIP = NO;
				DEBUG_INFORMATION_FORMAT = dwarf;
				ENABLE_STRICT_OBJC_MSGSEND = YES;
				ENABLE_TESTABILITY = YES;
				GCC_C_LANGUAGE_STANDARD = gnu11;
				GCC_DYNAMIC_NO_PIC = NO;
				GCC_NO_COMMON_BLOCKS = YES;
				GCC_OPTIMIZATION_LEVEL = 0;
				GCC_PREPROCESSOR_DEFINITIONS = (
					"DEBUG=1",
					"$(inherited)",
				);
				GCC_WARN_64_TO_32_BIT_CONVERSION = YES;
				GCC_WARN_ABOUT_RETURN_TYPE = YES_ERROR;
				GCC_WARN_UNDECLARED_SELECTOR = YES;
				GCC_WARN_UNINITIALIZED_AUTOS = YES_AGGRESSIVE;
				GCC_WARN_UNUSED_FUNCTION = YES;
				GCC_WARN_UNUSED_VARIABLE = YES;
				MACOSX_DEPLOYMENT_TARGET = 13.0;
				MTL_ENABLE_DEBUG_INFO = INCLUDE_SOURCE;
				MTL_FAST_MATH = YES;
				ONLY_ACTIVE_ARCH = YES;
				SDKROOT = macosx;
				SWIFT_ACTIVE_COMPILATION_CONDITIONS = DEBUG;
				SWIFT_OPTIMIZATION_LEVEL = "-Onone";
			};
			name = Debug;
		};
		991FEBA12AEA2B5900BE4E2C /* Release */ = {
			isa = XCBuildConfiguration;
			buildSettings = {
				ALWAYS_SEARCH_USER_PATHS = NO;
				CLANG_ANALYZER_NONNULL = YES;
				CLANG_ANALYZER_NUMBER_OBJECT_CONVERSION = YES_AGGRESSIVE;
				CLANG_CXX_LANGUAGE_STANDARD = "gnu++20";
				CLANG_ENABLE_MODULES = YES;
				CLANG_ENABLE_OBJC_ARC = YES;
				CLANG_ENABLE_OBJC_WEAK = YES;
				CLANG_WARN_BLOCK_CAPTURE_AUTORELEASING = YES;
				CLANG_WARN_BOOL_CONVERSION = YES;
				CLANG_WARN_COMMA = YES;
				CLANG_WARN_CONSTANT_CONVERSION = YES;
				CLANG_WARN_DEPRECATED_OBJC_IMPLEMENTATIONS = YES;
				CLANG_WARN_DIRECT_OBJC_ISA_USAGE = YES_ERROR;
				CLANG_WARN_DOCUMENTATION_COMMENTS = YES;
				CLANG_WARN_EMPTY_BODY = YES;
				CLANG_WARN_ENUM_CONVERSION = YES;
				CLANG_WARN_INFINITE_RECURSION = YES;
				CLANG_WARN_INT_CONVERSION = YES;
				CLANG_WARN_NON_LITERAL_NULL_CONVERSION = YES;
				CLANG_WARN_OBJC_IMPLICIT_RETAIN_SELF = YES;
				CLANG_WARN_OBJC_LITERAL_CONVERSION = YES;
				CLANG_WARN_OBJC_ROOT_CLASS = YES_ERROR;
				CLANG_WARN_QUOTED_INCLUDE_IN_FRAMEWORK_HEADER = YES;
				CLANG_WARN_RANGE_LOOP_ANALYSIS = YES;
				CLANG_WARN_STRICT_PROTOTYPES = YES;
				CLANG_WARN_SUSPICIOUS_MOVE = YES;
				CLANG_WARN_UNGUARDED_AVAILABILITY = YES_AGGRESSIVE;
				CLANG_WARN_UNREACHABLE_CODE = YES;
				CLANG_WARN__DUPLICATE_METHOD_MATCH = YES;
				COPY_PHASE_STRIP = NO;
				DEBUG_INFORMATION_FORMAT = "dwarf-with-dsym";
				ENABLE_NS_ASSERTIONS = NO;
				ENABLE_STRICT_OBJC_MSGSEND = YES;
				GCC_C_LANGUAGE_STANDARD = gnu11;
				GCC_NO_COMMON_BLOCKS = YES;
				GCC_WARN_64_TO_32_BIT_CONVERSION = YES;
				GCC_WARN_ABOUT_RETURN_TYPE = YES_ERROR;
				GCC_WARN_UNDECLARED_SELECTOR = YES;
				GCC_WARN_UNINITIALIZED_AUTOS = YES_AGGRESSIVE;
				GCC_WARN_UNUSED_FUNCTION = YES;
				GCC_WARN_UNUSED_VARIABLE = YES;
				MACOSX_DEPLOYMENT_TARGET = 13.0;
				MTL_ENABLE_DEBUG_INFO = NO;
				MTL_FAST_MATH = YES;
				SDKROOT = macosx;
				SWIFT_COMPILATION_MODE = wholemodule;
				SWIFT_OPTIMIZATION_LEVEL = "-O";
			};
			name = Release;
		};
		991FEBA32AEA2B5900BE4E2C /* Debug */ = {
			isa = XCBuildConfiguration;
			buildSettings = {
				ASSETCATALOG_COMPILER_APPICON_NAME = AppIcon;
				ASSETCATALOG_COMPILER_GLOBAL_ACCENT_COLOR_NAME = AccentColor;
				CODE_SIGN_ENTITLEMENTS = HelperApplication/HelperApplication.entitlements;
				CODE_SIGN_STYLE = Automatic;
				COMBINE_HIDPI_IMAGES = YES;
				CURRENT_PROJECT_VERSION = 1;
				GENERATE_INFOPLIST_FILE = YES;
				INFOPLIST_KEY_NSHumanReadableCopyright = "";
				INFOPLIST_KEY_NSMainStoryboardFile = Main;
				INFOPLIST_KEY_NSPrincipalClass = NSApplication;
				LD_RUNPATH_SEARCH_PATHS = (
					"$(inherited)",
					"@executable_path/../Frameworks",
				);
				MARKETING_VERSION = 1.0;
				PRODUCT_BUNDLE_IDENTIFIER = com.grab.HelperApplication;
				PRODUCT_NAME = "$(TARGET_NAME)";
				SWIFT_EMIT_LOC_STRINGS = YES;
				SWIFT_VERSION = 5.0;
			};
			name = Debug;
		};
		991FEBA42AEA2B5900BE4E2C /* Release */ = {
			isa = XCBuildConfiguration;
			buildSettings = {
				ASSETCATALOG_COMPILER_APPICON_NAME = AppIcon;
				ASSETCATALOG_COMPILER_GLOBAL_ACCENT_COLOR_NAME = AccentColor;
				CODE_SIGN_ENTITLEMENTS = HelperApplication/HelperApplication.entitlements;
				CODE_SIGN_STYLE = Automatic;
				COMBINE_HIDPI_IMAGES = YES;
				CURRENT_PROJECT_VERSION = 1;
				GENERATE_INFOPLIST_FILE = YES;
				INFOPLIST_KEY_NSHumanReadableCopyright = "";
				INFOPLIST_KEY_NSMainStoryboardFile = Main;
				INFOPLIST_KEY_NSPrincipalClass = NSApplication;
				LD_RUNPATH_SEARCH_PATHS = (
					"$(inherited)",
					"@executable_path/../Frameworks",
				);
				MARKETING_VERSION = 1.0;
				PRODUCT_BUNDLE_IDENTIFIER = com.grab.HelperApplication;
				PRODUCT_NAME = "$(TARGET_NAME)";
				SWIFT_EMIT_LOC_STRINGS = YES;
				SWIFT_VERSION = 5.0;
			};
			name = Release;
		};
		991FEBAE2AEA2B8900BE4E2C /* Debug */ = {
			isa = XCBuildConfiguration;
			buildSettings = {
				CODE_SIGN_STYLE = Automatic;
				PRODUCT_NAME = "$(TARGET_NAME)";
				SWIFT_VERSION = 5.0;
			};
			name = Debug;
		};
		991FEBAF2AEA2B8900BE4E2C /* Release */ = {
			isa = XCBuildConfiguration;
			buildSettings = {
				CODE_SIGN_STYLE = Automatic;
				PRODUCT_NAME = "$(TARGET_NAME)";
				SWIFT_VERSION = 5.0;
			};
			name = Release;
		};
/* End XCBuildConfiguration section */

/* Begin XCConfigurationList section */
		991FEB8E2AEA2B5700BE4E2C /* Build configuration list for PBXProject "HelperApplication" */ = {
			isa = XCConfigurationList;
			buildConfigurations = (
				991FEBA02AEA2B5900BE4E2C /* Debug */,
				991FEBA12AEA2B5900BE4E2C /* Release */,
			);
			defaultConfigurationIsVisible = 0;
			defaultConfigurationName = Release;
		};
		991FEBA22AEA2B5900BE4E2C /* Build configuration list for PBXNativeTarget "HelperApplication" */ = {
			isa = XCConfigurationList;
			buildConfigurations = (
				991FEBA32AEA2B5900BE4E2C /* Debug */,
				991FEBA42AEA2B5900BE4E2C /* Release */,
			);
			defaultConfigurationIsVisible = 0;
			defaultConfigurationName = Release;
		};
		991FEBAD2AEA2B8900BE4E2C /* Build configuration list for PBXNativeTarget "Helper" */ = {
			isa = XCConfigurationList;
			buildConfigurations = (
				991FEBAE2AEA2B8900BE4E2C /* Debug */,
				991FEBAF2AEA2B8900BE4E2C /* Release */,
			);
			defaultConfigurationIsVisible = 0;
			defaultConfigurationName = Release;
		};
/* End XCConfigurationList section */
	};
	rootObject = 991FEB8B2AEA2B5700BE4E2C /* Project object */;
}
